// !$*UTF8*$!
{
	archiveVersion = 1;
	classes = {
	};
	objectVersion = 51;
	objects = {

/* Begin PBXBuildFile section */
		22E8CD8448C53C3F2758FB2C /* Pods_StoreCopy.framework in Frameworks */ = {isa = PBXBuildFile; fileRef = 628BBF3FC24DB3B30C2AC086 /* Pods_StoreCopy.framework */; };
		6136D7752313D906002F009E /* ListCell.swift in Sources */ = {isa = PBXBuildFile; fileRef = 6136D7732313D906002F009E /* ListCell.swift */; };
		6136D7762313D906002F009E /* RatingView.swift in Sources */ = {isa = PBXBuildFile; fileRef = 6136D7742313D906002F009E /* RatingView.swift */; };
		61518371230E61A600098751 /* DetailViewController.swift in Sources */ = {isa = PBXBuildFile; fileRef = 61518370230E61A600098751 /* DetailViewController.swift */; };
		61518374230E7CCD00098751 /* StretchyLayout.swift in Sources */ = {isa = PBXBuildFile; fileRef = 61518373230E7CCD00098751 /* StretchyLayout.swift */; };
		6151837A230E887500098751 /* CarouselCollectionViewCell.swift in Sources */ = {isa = PBXBuildFile; fileRef = 61518379230E887500098751 /* CarouselCollectionViewCell.swift */; };
		6151837E230E995C00098751 /* UIImageView.swift in Sources */ = {isa = PBXBuildFile; fileRef = 6151837D230E995C00098751 /* UIImageView.swift */; };
		61518380230E9B9B00098751 /* InfoTableViewCell.swift in Sources */ = {isa = PBXBuildFile; fileRef = 6151837F230E9B9B00098751 /* InfoTableViewCell.swift */; };
		61518384230EB88300098751 /* CarouselTableViewCell.swift in Sources */ = {isa = PBXBuildFile; fileRef = 61518383230EB88300098751 /* CarouselTableViewCell.swift */; };
		61518386230ECCC600098751 /* NormalTableViewCell.swift in Sources */ = {isa = PBXBuildFile; fileRef = 61518385230ECCC600098751 /* NormalTableViewCell.swift */; };
		61518388230EDBE500098751 /* FeatureTableViewCell.swift in Sources */ = {isa = PBXBuildFile; fileRef = 61518387230EDBE500098751 /* FeatureTableViewCell.swift */; };
		6151838A230EEA8B00098751 /* DescriptionTableViewCell.swift in Sources */ = {isa = PBXBuildFile; fileRef = 61518389230EEA8B00098751 /* DescriptionTableViewCell.swift */; };
		6151838C230F1E5100098751 /* CategoryTableViewCell.swift in Sources */ = {isa = PBXBuildFile; fileRef = 6151838B230F1E5100098751 /* CategoryTableViewCell.swift */; };
		6191128A230DA68A00CF59B0 /* ServiceError.swift in Sources */ = {isa = PBXBuildFile; fileRef = 61911289230DA68A00CF59B0 /* ServiceError.swift */; };
		6191128C230DA6B100CF59B0 /* ServiceType.swift in Sources */ = {isa = PBXBuildFile; fileRef = 6191128B230DA6B100CF59B0 /* ServiceType.swift */; };
		619ED4B5230D044B008A8DB4 /* AppDelegate.swift in Sources */ = {isa = PBXBuildFile; fileRef = 619ED4B4230D044B008A8DB4 /* AppDelegate.swift */; };
		619ED4B7230D044B008A8DB4 /* ListViewController.swift in Sources */ = {isa = PBXBuildFile; fileRef = 619ED4B6230D044B008A8DB4 /* ListViewController.swift */; };
		619ED4BC230D044E008A8DB4 /* Assets.xcassets in Resources */ = {isa = PBXBuildFile; fileRef = 619ED4BB230D044E008A8DB4 /* Assets.xcassets */; };
		619ED4BF230D044E008A8DB4 /* LaunchScreen.storyboard in Resources */ = {isa = PBXBuildFile; fileRef = 619ED4BD230D044E008A8DB4 /* LaunchScreen.storyboard */; };
		619ED4CB230D05BE008A8DB4 /* Service.swift in Sources */ = {isa = PBXBuildFile; fileRef = 619ED4CA230D05BE008A8DB4 /* Service.swift */; };
		619ED4CD230D05C8008A8DB4 /* Data.swift in Sources */ = {isa = PBXBuildFile; fileRef = 619ED4CC230D05C8008A8DB4 /* Data.swift */; };
		619ED4D0230D16FE008A8DB4 /* reusableIdentifier.swift in Sources */ = {isa = PBXBuildFile; fileRef = 619ED4CF230D16FE008A8DB4 /* reusableIdentifier.swift */; };
		BD1152A72323A8780078AEAB /* .swiftlint.yml in Resources */ = {isa = PBXBuildFile; fileRef = BD1152A62323A8780078AEAB /* .swiftlint.yml */; };
/* End PBXBuildFile section */

/* Begin PBXFileReference section */
		1DD5314B8B039DFF5FD9D7AF /* Pods-StoreCopy.release.xcconfig */ = {isa = PBXFileReference; includeInIndex = 1; lastKnownFileType = text.xcconfig; name = "Pods-StoreCopy.release.xcconfig"; path = "Target Support Files/Pods-StoreCopy/Pods-StoreCopy.release.xcconfig"; sourceTree = "<group>"; };
		6136D7732313D906002F009E /* ListCell.swift */ = {isa = PBXFileReference; fileEncoding = 4; lastKnownFileType = sourcecode.swift; name = ListCell.swift; path = StoreCopy/View/ListCell.swift; sourceTree = SOURCE_ROOT; };
		6136D7742313D906002F009E /* RatingView.swift */ = {isa = PBXFileReference; fileEncoding = 4; lastKnownFileType = sourcecode.swift; name = RatingView.swift; path = StoreCopy/View/RatingView.swift; sourceTree = SOURCE_ROOT; };
		61518370230E61A600098751 /* DetailViewController.swift */ = {isa = PBXFileReference; lastKnownFileType = sourcecode.swift; path = DetailViewController.swift; sourceTree = "<group>"; };
		61518373230E7CCD00098751 /* StretchyLayout.swift */ = {isa = PBXFileReference; lastKnownFileType = sourcecode.swift; path = StretchyLayout.swift; sourceTree = "<group>"; };
		61518379230E887500098751 /* CarouselCollectionViewCell.swift */ = {isa = PBXFileReference; lastKnownFileType = sourcecode.swift; path = CarouselCollectionViewCell.swift; sourceTree = "<group>"; };
		6151837D230E995C00098751 /* UIImageView.swift */ = {isa = PBXFileReference; lastKnownFileType = sourcecode.swift; path = UIImageView.swift; sourceTree = "<group>"; };
		6151837F230E9B9B00098751 /* InfoTableViewCell.swift */ = {isa = PBXFileReference; lastKnownFileType = sourcecode.swift; path = InfoTableViewCell.swift; sourceTree = "<group>"; };
		61518383230EB88300098751 /* CarouselTableViewCell.swift */ = {isa = PBXFileReference; lastKnownFileType = sourcecode.swift; path = CarouselTableViewCell.swift; sourceTree = "<group>"; };
		61518385230ECCC600098751 /* NormalTableViewCell.swift */ = {isa = PBXFileReference; lastKnownFileType = sourcecode.swift; path = NormalTableViewCell.swift; sourceTree = "<group>"; };
		61518387230EDBE500098751 /* FeatureTableViewCell.swift */ = {isa = PBXFileReference; lastKnownFileType = sourcecode.swift; path = FeatureTableViewCell.swift; sourceTree = "<group>"; };
		61518389230EEA8B00098751 /* DescriptionTableViewCell.swift */ = {isa = PBXFileReference; lastKnownFileType = sourcecode.swift; path = DescriptionTableViewCell.swift; sourceTree = "<group>"; };
		6151838B230F1E5100098751 /* CategoryTableViewCell.swift */ = {isa = PBXFileReference; lastKnownFileType = sourcecode.swift; path = CategoryTableViewCell.swift; sourceTree = "<group>"; };
		61911289230DA68A00CF59B0 /* ServiceError.swift */ = {isa = PBXFileReference; lastKnownFileType = sourcecode.swift; path = ServiceError.swift; sourceTree = "<group>"; };
		6191128B230DA6B100CF59B0 /* ServiceType.swift */ = {isa = PBXFileReference; lastKnownFileType = sourcecode.swift; path = ServiceType.swift; sourceTree = "<group>"; };
		619ED4B1230D044B008A8DB4 /* StoreCopy.app */ = {isa = PBXFileReference; explicitFileType = wrapper.application; includeInIndex = 0; path = StoreCopy.app; sourceTree = BUILT_PRODUCTS_DIR; };
		619ED4B4230D044B008A8DB4 /* AppDelegate.swift */ = {isa = PBXFileReference; lastKnownFileType = sourcecode.swift; path = AppDelegate.swift; sourceTree = "<group>"; };
		619ED4B6230D044B008A8DB4 /* ListViewController.swift */ = {isa = PBXFileReference; lastKnownFileType = sourcecode.swift; path = ListViewController.swift; sourceTree = "<group>"; };
		619ED4BB230D044E008A8DB4 /* Assets.xcassets */ = {isa = PBXFileReference; lastKnownFileType = folder.assetcatalog; path = Assets.xcassets; sourceTree = "<group>"; };
		619ED4BE230D044E008A8DB4 /* Base */ = {isa = PBXFileReference; lastKnownFileType = file.storyboard; name = Base; path = Base.lproj/LaunchScreen.storyboard; sourceTree = "<group>"; };
		619ED4C0230D044E008A8DB4 /* Info.plist */ = {isa = PBXFileReference; lastKnownFileType = text.plist.xml; path = Info.plist; sourceTree = "<group>"; };
		619ED4CA230D05BE008A8DB4 /* Service.swift */ = {isa = PBXFileReference; lastKnownFileType = sourcecode.swift; path = Service.swift; sourceTree = "<group>"; };
		619ED4CC230D05C8008A8DB4 /* Data.swift */ = {isa = PBXFileReference; lastKnownFileType = sourcecode.swift; path = Data.swift; sourceTree = "<group>"; };
		619ED4CF230D16FE008A8DB4 /* reusableIdentifier.swift */ = {isa = PBXFileReference; lastKnownFileType = sourcecode.swift; path = reusableIdentifier.swift; sourceTree = "<group>"; };
		628BBF3FC24DB3B30C2AC086 /* Pods_StoreCopy.framework */ = {isa = PBXFileReference; explicitFileType = wrapper.framework; includeInIndex = 0; path = Pods_StoreCopy.framework; sourceTree = BUILT_PRODUCTS_DIR; };
		BCB4B4527447354042A0A95E /* Pods-StoreCopy.debug.xcconfig */ = {isa = PBXFileReference; includeInIndex = 1; lastKnownFileType = text.xcconfig; name = "Pods-StoreCopy.debug.xcconfig"; path = "Target Support Files/Pods-StoreCopy/Pods-StoreCopy.debug.xcconfig"; sourceTree = "<group>"; };
		BD1152A62323A8780078AEAB /* .swiftlint.yml */ = {isa = PBXFileReference; fileEncoding = 4; lastKnownFileType = text; path = .swiftlint.yml; sourceTree = "<group>"; };
/* End PBXFileReference section */

/* Begin PBXFrameworksBuildPhase section */
		619ED4AE230D044B008A8DB4 /* Frameworks */ = {
			isa = PBXFrameworksBuildPhase;
			buildActionMask = 2147483647;
			files = (
				22E8CD8448C53C3F2758FB2C /* Pods_StoreCopy.framework in Frameworks */,
			);
			runOnlyForDeploymentPostprocessing = 0;
		};
/* End PBXFrameworksBuildPhase section */

/* Begin PBXGroup section */
		35C474C74D919740E3950218 /* Frameworks */ = {
			isa = PBXGroup;
			children = (
				628BBF3FC24DB3B30C2AC086 /* Pods_StoreCopy.framework */,
			);
			name = Frameworks;
			sourceTree = "<group>";
		};
		61518372230E7CA100098751 /* Custom */ = {
			isa = PBXGroup;
			children = (
				61518373230E7CCD00098751 /* StretchyLayout.swift */,
			);
			path = Custom;
			sourceTree = "<group>";
		};
		61518375230E80C400098751 /* List */ = {
			isa = PBXGroup;
			children = (
				6136D7732313D906002F009E /* ListCell.swift */,
				6136D7742313D906002F009E /* RatingView.swift */,
			);
			path = List;
			sourceTree = "<group>";
		};
		61518376230E80CF00098751 /* Detail */ = {
			isa = PBXGroup;
			children = (
				61518379230E887500098751 /* CarouselCollectionViewCell.swift */,
				6151837F230E9B9B00098751 /* InfoTableViewCell.swift */,
				61518383230EB88300098751 /* CarouselTableViewCell.swift */,
				61518385230ECCC600098751 /* NormalTableViewCell.swift */,
				61518387230EDBE500098751 /* FeatureTableViewCell.swift */,
				61518389230EEA8B00098751 /* DescriptionTableViewCell.swift */,
				6151838B230F1E5100098751 /* CategoryTableViewCell.swift */,
			);
			path = Detail;
			sourceTree = "<group>";
		};
		619ED4A8230D044A008A8DB4 = {
			isa = PBXGroup;
			children = (
				BD1152A62323A8780078AEAB /* .swiftlint.yml */,
				619ED4B3230D044B008A8DB4 /* StoreCopy */,
				619ED4B2230D044B008A8DB4 /* Products */,
				F9BE80120F8544F816D93BC6 /* Pods */,
				35C474C74D919740E3950218 /* Frameworks */,
			);
			sourceTree = "<group>";
		};
		619ED4B2230D044B008A8DB4 /* Products */ = {
			isa = PBXGroup;
			children = (
				619ED4B1230D044B008A8DB4 /* StoreCopy.app */,
			);
			name = Products;
			sourceTree = "<group>";
		};
		619ED4B3230D044B008A8DB4 /* StoreCopy */ = {
			isa = PBXGroup;
			children = (
				61518372230E7CA100098751 /* Custom */,
				619ED4CE230D0907008A8DB4 /* Extension */,
				619ED4C9230D04A5008A8DB4 /* Network */,
				619ED4C8230D04A2008A8DB4 /* View */,
				619ED4C7230D049D008A8DB4 /* Controller */,
				619ED4B4230D044B008A8DB4 /* AppDelegate.swift */,
				619ED4C6230D0499008A8DB4 /* Model */,
				619ED4BB230D044E008A8DB4 /* Assets.xcassets */,
				619ED4BD230D044E008A8DB4 /* LaunchScreen.storyboard */,
				619ED4C0230D044E008A8DB4 /* Info.plist */,
			);
			path = StoreCopy;
			sourceTree = "<group>";
		};
		619ED4C6230D0499008A8DB4 /* Model */ = {
			isa = PBXGroup;
			children = (
				619ED4CC230D05C8008A8DB4 /* Data.swift */,
			);
			path = Model;
			sourceTree = "<group>";
		};
		619ED4C7230D049D008A8DB4 /* Controller */ = {
			isa = PBXGroup;
			children = (
				619ED4B6230D044B008A8DB4 /* ListViewController.swift */,
				61518370230E61A600098751 /* DetailViewController.swift */,
			);
			path = Controller;
			sourceTree = "<group>";
		};
		619ED4C8230D04A2008A8DB4 /* View */ = {
			isa = PBXGroup;
			children = (
				61518376230E80CF00098751 /* Detail */,
				61518375230E80C400098751 /* List */,
			);
			path = View;
			sourceTree = "<group>";
		};
		619ED4C9230D04A5008A8DB4 /* Network */ = {
			isa = PBXGroup;
			children = (
				619ED4CA230D05BE008A8DB4 /* Service.swift */,
				61911289230DA68A00CF59B0 /* ServiceError.swift */,
				6191128B230DA6B100CF59B0 /* ServiceType.swift */,
			);
			path = Network;
			sourceTree = "<group>";
		};
		619ED4CE230D0907008A8DB4 /* Extension */ = {
			isa = PBXGroup;
			children = (
				619ED4CF230D16FE008A8DB4 /* reusableIdentifier.swift */,
				6151837D230E995C00098751 /* UIImageView.swift */,
			);
			path = Extension;
			sourceTree = "<group>";
		};
		F9BE80120F8544F816D93BC6 /* Pods */ = {
			isa = PBXGroup;
			children = (
				BCB4B4527447354042A0A95E /* Pods-StoreCopy.debug.xcconfig */,
				1DD5314B8B039DFF5FD9D7AF /* Pods-StoreCopy.release.xcconfig */,
			);
			path = Pods;
			sourceTree = "<group>";
		};
/* End PBXGroup section */

/* Begin PBXNativeTarget section */
		619ED4B0230D044B008A8DB4 /* StoreCopy */ = {
			isa = PBXNativeTarget;
			buildConfigurationList = 619ED4C3230D044E008A8DB4 /* Build configuration list for PBXNativeTarget "StoreCopy" */;
			buildPhases = (
				0C7B4BB678132B13D546E064 /* [CP] Check Pods Manifest.lock */,
				619ED4AD230D044B008A8DB4 /* Sources */,
				619ED4AE230D044B008A8DB4 /* Frameworks */,
				619ED4AF230D044B008A8DB4 /* Resources */,
				362A4914EC49A451183E4F0F /* [CP] Embed Pods Frameworks */,
				BD1152A42323A8470078AEAB /* Review */,
				BD1152A52323A84C0078AEAB /* SwiftLint */,
			);
			buildRules = (
			);
			dependencies = (
			);
			name = StoreCopy;
			productName = StoreCopy;
			productReference = 619ED4B1230D044B008A8DB4 /* StoreCopy.app */;
			productType = "com.apple.product-type.application";
		};
/* End PBXNativeTarget section */

/* Begin PBXProject section */
		619ED4A9230D044B008A8DB4 /* Project object */ = {
			isa = PBXProject;
			attributes = {
				LastSwiftUpdateCheck = 1020;
				LastUpgradeCheck = 1020;
				ORGANIZATIONNAME = pino;
				TargetAttributes = {
					619ED4B0230D044B008A8DB4 = {
						CreatedOnToolsVersion = 10.2.1;
					};
				};
			};
			buildConfigurationList = 619ED4AC230D044B008A8DB4 /* Build configuration list for PBXProject "StoreCopy" */;
			compatibilityVersion = "Xcode 9.3";
			developmentRegion = en;
			hasScannedForEncodings = 0;
			knownRegions = (
				en,
				Base,
			);
			mainGroup = 619ED4A8230D044A008A8DB4;
			productRefGroup = 619ED4B2230D044B008A8DB4 /* Products */;
			projectDirPath = "";
			projectRoot = "";
			targets = (
				619ED4B0230D044B008A8DB4 /* StoreCopy */,
			);
		};
/* End PBXProject section */

/* Begin PBXResourcesBuildPhase section */
		619ED4AF230D044B008A8DB4 /* Resources */ = {
			isa = PBXResourcesBuildPhase;
			buildActionMask = 2147483647;
			files = (
				BD1152A72323A8780078AEAB /* .swiftlint.yml in Resources */,
				619ED4BF230D044E008A8DB4 /* LaunchScreen.storyboard in Resources */,
				619ED4BC230D044E008A8DB4 /* Assets.xcassets in Resources */,
			);
			runOnlyForDeploymentPostprocessing = 0;
		};
/* End PBXResourcesBuildPhase section */

/* Begin PBXShellScriptBuildPhase section */
		0C7B4BB678132B13D546E064 /* [CP] Check Pods Manifest.lock */ = {
			isa = PBXShellScriptBuildPhase;
			buildActionMask = 2147483647;
			files = (
			);
			inputFileListPaths = (
			);
			inputPaths = (
				"${PODS_PODFILE_DIR_PATH}/Podfile.lock",
				"${PODS_ROOT}/Manifest.lock",
			);
			name = "[CP] Check Pods Manifest.lock";
			outputFileListPaths = (
			);
			outputPaths = (
				"$(DERIVED_FILE_DIR)/Pods-StoreCopy-checkManifestLockResult.txt",
			);
			runOnlyForDeploymentPostprocessing = 0;
			shellPath = /bin/sh;
			shellScript = "diff \"${PODS_PODFILE_DIR_PATH}/Podfile.lock\" \"${PODS_ROOT}/Manifest.lock\" > /dev/null\nif [ $? != 0 ] ; then\n    # print error to STDERR\n    echo \"error: The sandbox is not in sync with the Podfile.lock. Run 'pod install' or update your CocoaPods installation.\" >&2\n    exit 1\nfi\n# This output is used by Xcode 'outputs' to avoid re-running this script phase.\necho \"SUCCESS\" > \"${SCRIPT_OUTPUT_FILE_0}\"\n";
			showEnvVarsInLog = 0;
		};
		362A4914EC49A451183E4F0F /* [CP] Embed Pods Frameworks */ = {
			isa = PBXShellScriptBuildPhase;
			buildActionMask = 2147483647;
			files = (
			);
			inputFileListPaths = (
				"${PODS_ROOT}/Target Support Files/Pods-StoreCopy/Pods-StoreCopy-frameworks-${CONFIGURATION}-input-files.xcfilelist",
			);
			inputPaths = (
				"${PODS_ROOT}/Target Support Files/Pods-StoreCopy/Pods-StoreCopy-frameworks.sh",
				"${BUILT_PRODUCTS_DIR}/Kingfisher/Kingfisher.framework",
				"${BUILT_PRODUCTS_DIR}/SnapKit/SnapKit.framework",
			);
			name = "[CP] Embed Pods Frameworks";
			outputFileListPaths = (
				"${PODS_ROOT}/Target Support Files/Pods-StoreCopy/Pods-StoreCopy-frameworks-${CONFIGURATION}-output-files.xcfilelist",
			);
			outputPaths = (
				"${TARGET_BUILD_DIR}/${FRAMEWORKS_FOLDER_PATH}/Kingfisher.framework",
				"${TARGET_BUILD_DIR}/${FRAMEWORKS_FOLDER_PATH}/SnapKit.framework",
			);
			runOnlyForDeploymentPostprocessing = 0;
			shellPath = /bin/sh;
			shellScript = "\"${PODS_ROOT}/Target Support Files/Pods-StoreCopy/Pods-StoreCopy-frameworks.sh\"\n";
			showEnvVarsInLog = 0;
		};
		BD1152A42323A8470078AEAB /* Review */ = {
			isa = PBXShellScriptBuildPhase;
			buildActionMask = 2147483647;
			files = (
			);
			inputFileListPaths = (
			);
			inputPaths = (
			);
			name = Review;
			outputFileListPaths = (
			);
			outputPaths = (
			);
			runOnlyForDeploymentPostprocessing = 0;
			shellPath = /bin/sh;
			shellScript = "# Type a script or drag a script file from your workspace to insert its path.\n# Type a script or drag a script file from your workspace to insert its path.\nTAGS=\"Review:\"\nERRORTAG=\"ERROR:\"\nfind \"${SRCROOT}\" \\( -name \"*.h\" -or -name \"*.m\" -or -name \"*.swift\" \\) -print0 | xargs -0 egrep --with-filename --line-number --only-matching \"($TAGS).*\\$|($ERRORTAG).*\\$\" | perl -p -e \"s/($TAGS)/ warning: \\$1/\" | perl -p -e \"s/($ERRORTAG)/ error: \\$1/\"\n";
		};
		BD1152A52323A84C0078AEAB /* SwiftLint */ = {
			isa = PBXShellScriptBuildPhase;
			buildActionMask = 2147483647;
			files = (
			);
			inputFileListPaths = (
			);
			inputPaths = (
			);
			name = SwiftLint;
			outputFileListPaths = (
			);
			outputPaths = (
			);
			runOnlyForDeploymentPostprocessing = 0;
			shellPath = /bin/sh;
			shellScript = "# Type a script or drag a script file from your workspace to insert its path.\nif which swiftlint >/dev/null; then\nswiftlint\nelse\necho \"warning: SwiftLint not installed, download from https://github.com/realm/SwiftLint\"\nfi\n";
		};
/* End PBXShellScriptBuildPhase section */

/* Begin PBXSourcesBuildPhase section */
		619ED4AD230D044B008A8DB4 /* Sources */ = {
			isa = PBXSourcesBuildPhase;
			buildActionMask = 2147483647;
			files = (
				61518386230ECCC600098751 /* NormalTableViewCell.swift in Sources */,
				61518388230EDBE500098751 /* FeatureTableViewCell.swift in Sources */,
				61518374230E7CCD00098751 /* StretchyLayout.swift in Sources */,
				6191128A230DA68A00CF59B0 /* ServiceError.swift in Sources */,
				6151837E230E995C00098751 /* UIImageView.swift in Sources */,
				6151838C230F1E5100098751 /* CategoryTableViewCell.swift in Sources */,
				619ED4B7230D044B008A8DB4 /* ListViewController.swift in Sources */,
				619ED4B5230D044B008A8DB4 /* AppDelegate.swift in Sources */,
				619ED4D0230D16FE008A8DB4 /* reusableIdentifier.swift in Sources */,
				619ED4CB230D05BE008A8DB4 /* Service.swift in Sources */,
				619ED4CD230D05C8008A8DB4 /* Data.swift in Sources */,
				61518371230E61A600098751 /* DetailViewController.swift in Sources */,
				6191128C230DA6B100CF59B0 /* ServiceType.swift in Sources */,
				61518380230E9B9B00098751 /* InfoTableViewCell.swift in Sources */,
				61518384230EB88300098751 /* CarouselTableViewCell.swift in Sources */,
				6136D7752313D906002F009E /* ListCell.swift in Sources */,
				6151838A230EEA8B00098751 /* DescriptionTableViewCell.swift in Sources */,
				6136D7762313D906002F009E /* RatingView.swift in Sources */,
				6151837A230E887500098751 /* CarouselCollectionViewCell.swift in Sources */,
			);
			runOnlyForDeploymentPostprocessing = 0;
		};
/* End PBXSourcesBuildPhase section */

/* Begin PBXVariantGroup section */
		619ED4BD230D044E008A8DB4 /* LaunchScreen.storyboard */ = {
			isa = PBXVariantGroup;
			children = (
				619ED4BE230D044E008A8DB4 /* Base */,
			);
			name = LaunchScreen.storyboard;
			sourceTree = "<group>";
		};
/* End PBXVariantGroup section */

/* Begin XCBuildConfiguration section */
		619ED4C1230D044E008A8DB4 /* Debug */ = {
			isa = XCBuildConfiguration;
			buildSettings = {
				ALWAYS_SEARCH_USER_PATHS = NO;
				CLANG_ANALYZER_NONNULL = YES;
				CLANG_ANALYZER_NUMBER_OBJECT_CONVERSION = YES_AGGRESSIVE;
				CLANG_CXX_LANGUAGE_STANDARD = "gnu++14";
				CLANG_CXX_LIBRARY = "libc++";
				CLANG_ENABLE_MODULES = YES;
				CLANG_ENABLE_OBJC_ARC = YES;
				CLANG_ENABLE_OBJC_WEAK = YES;
				CLANG_WARN_BLOCK_CAPTURE_AUTORELEASING = YES;
				CLANG_WARN_BOOL_CONVERSION = YES;
				CLANG_WARN_COMMA = YES;
				CLANG_WARN_CONSTANT_CONVERSION = YES;
				CLANG_WARN_DEPRECATED_OBJC_IMPLEMENTATIONS = YES;
				CLANG_WARN_DIRECT_OBJC_ISA_USAGE = YES_ERROR;
				CLANG_WARN_DOCUMENTATION_COMMENTS = YES;
				CLANG_WARN_EMPTY_BODY = YES;
				CLANG_WARN_ENUM_CONVERSION = YES;
				CLANG_WARN_INFINITE_RECURSION = YES;
				CLANG_WARN_INT_CONVERSION = YES;
				CLANG_WARN_NON_LITERAL_NULL_CONVERSION = YES;
				CLANG_WARN_OBJC_IMPLICIT_RETAIN_SELF = YES;
				CLANG_WARN_OBJC_LITERAL_CONVERSION = YES;
				CLANG_WARN_OBJC_ROOT_CLASS = YES_ERROR;
				CLANG_WARN_RANGE_LOOP_ANALYSIS = YES;
				CLANG_WARN_STRICT_PROTOTYPES = YES;
				CLANG_WARN_SUSPICIOUS_MOVE = YES;
				CLANG_WARN_UNGUARDED_AVAILABILITY = YES_AGGRESSIVE;
				CLANG_WARN_UNREACHABLE_CODE = YES;
				CLANG_WARN__DUPLICATE_METHOD_MATCH = YES;
				CODE_SIGN_IDENTITY = "iPhone Developer";
				COPY_PHASE_STRIP = NO;
				DEBUG_INFORMATION_FORMAT = dwarf;
				ENABLE_STRICT_OBJC_MSGSEND = YES;
				ENABLE_TESTABILITY = YES;
				GCC_C_LANGUAGE_STANDARD = gnu11;
				GCC_DYNAMIC_NO_PIC = NO;
				GCC_NO_COMMON_BLOCKS = YES;
				GCC_OPTIMIZATION_LEVEL = 0;
				GCC_PREPROCESSOR_DEFINITIONS = (
					"DEBUG=1",
					"$(inherited)",
				);
				GCC_WARN_64_TO_32_BIT_CONVERSION = YES;
				GCC_WARN_ABOUT_RETURN_TYPE = YES_ERROR;
				GCC_WARN_UNDECLARED_SELECTOR = YES;
				GCC_WARN_UNINITIALIZED_AUTOS = YES_AGGRESSIVE;
				GCC_WARN_UNUSED_FUNCTION = YES;
				GCC_WARN_UNUSED_VARIABLE = YES;
				IPHONEOS_DEPLOYMENT_TARGET = 12.2;
				MTL_ENABLE_DEBUG_INFO = INCLUDE_SOURCE;
				MTL_FAST_MATH = YES;
				ONLY_ACTIVE_ARCH = YES;
				SDKROOT = iphoneos;
				SWIFT_ACTIVE_COMPILATION_CONDITIONS = DEBUG;
				SWIFT_OPTIMIZATION_LEVEL = "-Onone";
			};
			name = Debug;
		};
		619ED4C2230D044E008A8DB4 /* Release */ = {
			isa = XCBuildConfiguration;
			buildSettings = {
				ALWAYS_SEARCH_USER_PATHS = NO;
				CLANG_ANALYZER_NONNULL = YES;
				CLANG_ANALYZER_NUMBER_OBJECT_CONVERSION = YES_AGGRESSIVE;
				CLANG_CXX_LANGUAGE_STANDARD = "gnu++14";
				CLANG_CXX_LIBRARY = "libc++";
				CLANG_ENABLE_MODULES = YES;
				CLANG_ENABLE_OBJC_ARC = YES;
				CLANG_ENABLE_OBJC_WEAK = YES;
				CLANG_WARN_BLOCK_CAPTURE_AUTORELEASING = YES;
				CLANG_WARN_BOOL_CONVERSION = YES;
				CLANG_WARN_COMMA = YES;
				CLANG_WARN_CONSTANT_CONVERSION = YES;
				CLANG_WARN_DEPRECATED_OBJC_IMPLEMENTATIONS = YES;
				CLANG_WARN_DIRECT_OBJC_ISA_USAGE = YES_ERROR;
				CLANG_WARN_DOCUMENTATION_COMMENTS = YES;
				CLANG_WARN_EMPTY_BODY = YES;
				CLANG_WARN_ENUM_CONVERSION = YES;
				CLANG_WARN_INFINITE_RECURSION = YES;
				CLANG_WARN_INT_CONVERSION = YES;
				CLANG_WARN_NON_LITERAL_NULL_CONVERSION = YES;
				CLANG_WARN_OBJC_IMPLICIT_RETAIN_SELF = YES;
				CLANG_WARN_OBJC_LITERAL_CONVERSION = YES;
				CLANG_WARN_OBJC_ROOT_CLASS = YES_ERROR;
				CLANG_WARN_RANGE_LOOP_ANALYSIS = YES;
				CLANG_WARN_STRICT_PROTOTYPES = YES;
				CLANG_WARN_SUSPICIOUS_MOVE = YES;
				CLANG_WARN_UNGUARDED_AVAILABILITY = YES_AGGRESSIVE;
				CLANG_WARN_UNREACHABLE_CODE = YES;
				CLANG_WARN__DUPLICATE_METHOD_MATCH = YES;
				CODE_SIGN_IDENTITY = "iPhone Developer";
				COPY_PHASE_STRIP = NO;
				DEBUG_INFORMATION_FORMAT = "dwarf-with-dsym";
				ENABLE_NS_ASSERTIONS = NO;
				ENABLE_STRICT_OBJC_MSGSEND = YES;
				GCC_C_LANGUAGE_STANDARD = gnu11;
				GCC_NO_COMMON_BLOCKS = YES;
				GCC_WARN_64_TO_32_BIT_CONVERSION = YES;
				GCC_WARN_ABOUT_RETURN_TYPE = YES_ERROR;
				GCC_WARN_UNDECLARED_SELECTOR = YES;
				GCC_WARN_UNINITIALIZED_AUTOS = YES_AGGRESSIVE;
				GCC_WARN_UNUSED_FUNCTION = YES;
				GCC_WARN_UNUSED_VARIABLE = YES;
				IPHONEOS_DEPLOYMENT_TARGET = 12.2;
				MTL_ENABLE_DEBUG_INFO = NO;
				MTL_FAST_MATH = YES;
				SDKROOT = iphoneos;
				SWIFT_COMPILATION_MODE = wholemodule;
				SWIFT_OPTIMIZATION_LEVEL = "-O";
				VALIDATE_PRODUCT = YES;
			};
			name = Release;
		};
		619ED4C4230D044E008A8DB4 /* Debug */ = {
			isa = XCBuildConfiguration;
			baseConfigurationReference = BCB4B4527447354042A0A95E /* Pods-StoreCopy.debug.xcconfig */;
			buildSettings = {
				ASSETCATALOG_COMPILER_APPICON_NAME = AppIcon;
				CODE_SIGN_STYLE = Automatic;
				DEVELOPMENT_TEAM = G4MM77V7NH;
				INFOPLIST_FILE = StoreCopy/Info.plist;
				IPHONEOS_DEPLOYMENT_TARGET = 10.0;
				LD_RUNPATH_SEARCH_PATHS = (
					"$(inherited)",
					"@executable_path/Frameworks",
				);
				PRODUCT_BUNDLE_IDENTIFIER = io.github.92pino.StoreCopy;
				PRODUCT_NAME = "$(TARGET_NAME)";
				SWIFT_VERSION = 5.0;
				TARGETED_DEVICE_FAMILY = 1;
			};
			name = Debug;
		};
		619ED4C5230D044E008A8DB4 /* Release */ = {
			isa = XCBuildConfiguration;
			baseConfigurationReference = 1DD5314B8B039DFF5FD9D7AF /* Pods-StoreCopy.release.xcconfig */;
			buildSettings = {
				ASSETCATALOG_COMPILER_APPICON_NAME = AppIcon;
				CODE_SIGN_STYLE = Automatic;
				DEVELOPMENT_TEAM = G4MM77V7NH;
				INFOPLIST_FILE = StoreCopy/Info.plist;
				IPHONEOS_DEPLOYMENT_TARGET = 10.0;
				LD_RUNPATH_SEARCH_PATHS = (
					"$(inherited)",
					"@executable_path/Frameworks",
				);
				PRODUCT_BUNDLE_IDENTIFIER = io.github.92pino.StoreCopy;
				PRODUCT_NAME = "$(TARGET_NAME)";
				SWIFT_VERSION = 5.0;
				TARGETED_DEVICE_FAMILY = 1;
			};
			name = Release;
		};
/* End XCBuildConfiguration section */

/* Begin XCConfigurationList section */
		619ED4AC230D044B008A8DB4 /* Build configuration list for PBXProject "StoreCopy" */ = {
			isa = XCConfigurationList;
			buildConfigurations = (
				619ED4C1230D044E008A8DB4 /* Debug */,
				619ED4C2230D044E008A8DB4 /* Release */,
			);
			defaultConfigurationIsVisible = 0;
			defaultConfigurationName = Release;
		};
		619ED4C3230D044E008A8DB4 /* Build configuration list for PBXNativeTarget "StoreCopy" */ = {
			isa = XCConfigurationList;
			buildConfigurations = (
				619ED4C4230D044E008A8DB4 /* Debug */,
				619ED4C5230D044E008A8DB4 /* Release */,
			);
			defaultConfigurationIsVisible = 0;
			defaultConfigurationName = Release;
		};
/* End XCConfigurationList section */
	};
	rootObject = 619ED4A9230D044B008A8DB4 /* Project object */;
}
